{
  "_note": "Static write-ownership map derived from graph.json node.write_paths. Consumed by validate_harness.py WRITE_PATH_OVERLAP. M0 has NO runtime write-lock hook (single-user tool; Mode A producer-reviewer loop guarantees single-writer per path).",
  "_workspace/01_propose/": "propose",
  "_workspace/02_adjudicate/": "adjudicate"
}
